
Microsoft Visual Studio Solution File, Format Version 12.00
# Visual Studio 2013
VisualStudioVersion = 12.0.31101.0
MinimumVisualStudioVersion = 10.0.40219.1
Project("{A0786B88-2ADB-4C21-ABE8-AA2D79766269}") = "example", "example\example.phpproj", "{0B8F9F4F-DEB3-426E-A62D-9D9C4F332AB0}"
EndProject
Global
	GlobalSection(SolutionConfigurationPlatforms) = preSolution
		Debug|Any CPU = Debug|Any CPU
		Release|Any CPU = Release|Any CPU
	EndGlobalSection
	GlobalSection(ProjectConfigurationPlatforms) = postSolution
		{0B8F9F4F-DEB3-426E-A62D-9D9C4F332AB0}.Debug|Any CPU.ActiveCfg = Debug|Any CPU
		{0B8F9F4F-DEB3-426E-A62D-9D9C4F332AB0}.Debug|Any CPU.Build.0 = Debug|Any CPU
		{0B8F9F4F-DEB3-426E-A62D-9D9C4F332AB0}.Release|Any CPU.ActiveCfg = Release|Any CPU
		{0B8F9F4F-DEB3-426E-A62D-9D9C4F332AB0}.Release|Any CPU.Build.0 = Release|Any CPU
	EndGlobalSection
	GlobalSection(SolutionProperties) = preSolution
		HideSolutionNode = FALSE
	EndGlobalSection
EndGlobal
